{
  "name": "expo-sqlite-orm",
  "version": "1.6.0",
  "lockfileVersion": 1,
  "requires": true,
  "dependencies": {
    "cancelable-promise": {
      "version": "2.5.0",
      "resolved": "https://registry.npmjs.org/cancelable-promise/-/cancelable-promise-2.5.0.tgz",
      "integrity": "sha512-3CdXq0SsjHMt9rfCfJLl5EG/zJQM2EaH5DrISRqFVF8C9e4wj7U2YABaM5c8Pv+/PECsm/oUEb+kC6YBZ0o2uA=="
    }
  }
}
